
Microsoft Visual Studio Solution File, Format Version 12.00
# Visual Studio 2013
VisualStudioVersion = 12.0.30501.0
MinimumVisualStudioVersion = 10.0.40219.1
Project("{FAE04EC0-301F-11D3-BF4B-00C04F79EFBC}") = "TankGame", "TankGame\TankGame\TankGame.csproj", "{13531268-BD63-4E47-BF96-1378A0FF55D3}"
EndProject
Project("{96E2B04D-8817-42C6-938A-82C39BA4D311}") = "TankGameContent", "TankGame\TankGameContent\TankGameContent.contentproj", "{2AAA8B1D-6C80-4390-A77B-1EA8891D24F0}"
EndProject
Global
	GlobalSection(SolutionConfigurationPlatforms) = preSolution
		Debug|x86 = Debug|x86
		Release|x86 = Release|x86
	EndGlobalSection
	GlobalSection(ProjectConfigurationPlatforms) = postSolution
		{13531268-BD63-4E47-BF96-1378A0FF55D3}.Debug|x86.ActiveCfg = Debug|x86
		{13531268-BD63-4E47-BF96-1378A0FF55D3}.Debug|x86.Build.0 = Debug|x86
		{13531268-BD63-4E47-BF96-1378A0FF55D3}.Release|x86.ActiveCfg = Release|x86
		{13531268-BD63-4E47-BF96-1378A0FF55D3}.Release|x86.Build.0 = Release|x86
		{2AAA8B1D-6C80-4390-A77B-1EA8891D24F0}.Debug|x86.ActiveCfg = Debug|x86
		{2AAA8B1D-6C80-4390-A77B-1EA8891D24F0}.Release|x86.ActiveCfg = Release|x86
	EndGlobalSection
	GlobalSection(SolutionProperties) = preSolution
		HideSolutionNode = FALSE
	EndGlobalSection
EndGlobal
